
Microsoft Visual Studio Solution File, Format Version 12.00
# Visual Studio Version 16
VisualStudioVersion = 16.0.30804.86
MinimumVisualStudioVersion = 10.0.40219.1
Project("{FAE04EC0-301F-11D3-BF4B-00C04F79EFBC}") = "CPU_Usage_Console", "CPU_Usage_Console.csproj", "{602B35F6-6277-4763-B327-8CACA94E8438}"
EndProject
Global
	GlobalSection(SolutionConfigurationPlatforms) = preSolution
		Debug|Any CPU = Debug|Any CPU
		Release|Any CPU = Release|Any CPU
	EndGlobalSection
	GlobalSection(ProjectConfigurationPlatforms) = postSolution
		{602B35F6-6277-4763-B327-8CACA94E8438}.Debug|Any CPU.ActiveCfg = Debug|Any CPU
		{602B35F6-6277-4763-B327-8CACA94E8438}.Debug|Any CPU.Build.0 = Debug|Any CPU
		{602B35F6-6277-4763-B327-8CACA94E8438}.Release|Any CPU.ActiveCfg = Release|Any CPU
		{602B35F6-6277-4763-B327-8CACA94E8438}.Release|Any CPU.Build.0 = Release|Any CPU
	EndGlobalSection
	GlobalSection(SolutionProperties) = preSolution
		HideSolutionNode = FALSE
	EndGlobalSection
	GlobalSection(ExtensibilityGlobals) = postSolution
		SolutionGuid = {9C488507-8555-48C5-AA67-76E82A6012F5}
	EndGlobalSection
EndGlobal
